// !$*UTF8*$!
{
	archiveVersion = 1;
	classes = {
	};
	objectVersion = 56;
	objects = {

/* Begin PBXBuildFile section */
		0A02F8EC295BB92400FE29F4 /* GameInputView.swift in Sources */ = {isa = PBXBuildFile; fileRef = 0A02F8EB295BB92400FE29F4 /* GameInputView.swift */; };
		0A20E1E92957C52F00B7756E /* CmdUtils.swift in Sources */ = {isa = PBXBuildFile; fileRef = 0A20E1E82957C52F00B7756E /* CmdUtils.swift */; };
		0A20E1EF2957E8B900B7756E /* Game.swift in Sources */ = {isa = PBXBuildFile; fileRef = 0A20E1EE2957E8B900B7756E /* Game.swift */; };
		0A20E1F12957FD4C00B7756E /* JsonUtils.swift in Sources */ = {isa = PBXBuildFile; fileRef = 0A20E1F02957FD4C00B7756E /* JsonUtils.swift */; };
		0A20E1F32957FEAD00B7756E /* games.json in Resources */ = {isa = PBXBuildFile; fileRef = 0A20E1F22957FEAD00B7756E /* games.json */; };
		0A87BBB1295D57C30009AF47 /* GameListView.swift in Sources */ = {isa = PBXBuildFile; fileRef = 0A87BBB0295D57C30009AF47 /* GameListView.swift */; };
		0A87BBB5295D7B1A0009AF47 /* GameDetailView.swift in Sources */ = {isa = PBXBuildFile; fileRef = 0A87BBB4295D7B1A0009AF47 /* GameDetailView.swift */; };
		0A947C9A2958990D00A2CE66 /* ImageUtils.swift in Sources */ = {isa = PBXBuildFile; fileRef = 0A947C992958990D00A2CE66 /* ImageUtils.swift */; };
		0AE9B6F42A3AD97100800850 /* SettingsView.swift in Sources */ = {isa = PBXBuildFile; fileRef = 0AE9B6F32A3AD97100800850 /* SettingsView.swift */; };
		0AE9B6F62A3ADA0E00800850 /* GeneralSettingsView.swift in Sources */ = {isa = PBXBuildFile; fileRef = 0AE9B6F52A3ADA0E00800850 /* GeneralSettingsView.swift */; };
		0AE9B6F82A3ADAD700800850 /* AppearanceSettingsView.swift in Sources */ = {isa = PBXBuildFile; fileRef = 0AE9B6F72A3ADAD700800850 /* AppearanceSettingsView.swift */; };
		0AF378652953AADD00978137 /* PhoenixApp.swift in Sources */ = {isa = PBXBuildFile; fileRef = 0AF378642953AADD00978137 /* PhoenixApp.swift */; };
		0AF378672953AADD00978137 /* ContentView.swift in Sources */ = {isa = PBXBuildFile; fileRef = 0AF378662953AADD00978137 /* ContentView.swift */; };
		0AF378692953AADE00978137 /* Assets.xcassets in Resources */ = {isa = PBXBuildFile; fileRef = 0AF378682953AADE00978137 /* Assets.xcassets */; };
		0AF3786C2953AADE00978137 /* Preview Assets.xcassets in Resources */ = {isa = PBXBuildFile; fileRef = 0AF3786B2953AADE00978137 /* Preview Assets.xcassets */; };
		0AF378772953AADE00978137 /* PhoenixTests.swift in Sources */ = {isa = PBXBuildFile; fileRef = 0AF378762953AADE00978137 /* PhoenixTests.swift */; };
		0AF378812953AADE00978137 /* PhoenixUITests.swift in Sources */ = {isa = PBXBuildFile; fileRef = 0AF378802953AADE00978137 /* PhoenixUITests.swift */; };
		0AF378832953AADE00978137 /* PhoenixUITestsLaunchTests.swift in Sources */ = {isa = PBXBuildFile; fileRef = 0AF378822953AADE00978137 /* PhoenixUITestsLaunchTests.swift */; };
		AD13CDE42AA53A3B00C6FD61 /* IGDB-SWIFT-API in Frameworks */ = {isa = PBXBuildFile; productRef = AD13CDE32AA53A3B00C6FD61 /* IGDB-SWIFT-API */; };
		AD13CDE82AA542A300C6FD61 /* FetchGameData.swift in Sources */ = {isa = PBXBuildFile; fileRef = AD13CDE72AA542A300C6FD61 /* FetchGameData.swift */; };
		AD5287CA2AC007CC001673F5 /* TextBox.swift in Sources */ = {isa = PBXBuildFile; fileRef = AD5287C92AC007CC001673F5 /* TextBox.swift */; };
		AD5287CC2AC0093E001673F5 /* ImageImportButton.swift in Sources */ = {isa = PBXBuildFile; fileRef = AD5287CB2AC0093E001673F5 /* ImageImportButton.swift */; };
		AD5287CE2AC00A1A001673F5 /* SlotInput.swift in Sources */ = {isa = PBXBuildFile; fileRef = AD5287CD2AC00A1A001673F5 /* SlotInput.swift */; };
		AD5287D02AC010AA001673F5 /* LargeTextBox.swift in Sources */ = {isa = PBXBuildFile; fileRef = AD5287CF2AC010AA001673F5 /* LargeTextBox.swift */; };
		AD5287D22AC016AD001673F5 /* DateUtils.swift in Sources */ = {isa = PBXBuildFile; fileRef = AD5287D12AC016AD001673F5 /* DateUtils.swift */; };
		AD5287D42AC01841001673F5 /* GameUtils.swift in Sources */ = {isa = PBXBuildFile; fileRef = AD5287D32AC01841001673F5 /* GameUtils.swift */; };
		AD5287D62AC018B8001673F5 /* HelpButton.swift in Sources */ = {isa = PBXBuildFile; fileRef = AD5287D52AC018B8001673F5 /* HelpButton.swift */; };
		AD53FCBC2AC7E15D00D3A301 /* LargeToggleButton.swift in Sources */ = {isa = PBXBuildFile; fileRef = AD53FCBB2AC7E15D00D3A301 /* LargeToggleButton.swift */; };
		AD53FCBE2AC7E39100D3A301 /* SmallToggleButton.swift in Sources */ = {isa = PBXBuildFile; fileRef = AD53FCBD2AC7E39100D3A301 /* SmallToggleButton.swift */; };
		AD53FCC22AC7E57200D3A301 /* Cards.swift in Sources */ = {isa = PBXBuildFile; fileRef = AD53FCC12AC7E57200D3A301 /* Cards.swift */; };
		AD5E91A62AAE33CB008097C4 /* AlertToast in Frameworks */ = {isa = PBXBuildFile; productRef = AD5E91A52AAE33CB008097C4 /* AlertToast */; };
		AD8718FD2AFDE14D0008F144 /* MarkdownUI in Frameworks */ = {isa = PBXBuildFile; productRef = AD8718FC2AFDE14D0008F144 /* MarkdownUI */; };
		AD92C4F62AAEBAF40058E1EA /* Kingfisher in Frameworks */ = {isa = PBXBuildFile; productRef = AD92C4F52AAEBAF40058E1EA /* Kingfisher */; };
		ADB63FFE2AF7F248006B39ED /* Defaults in Frameworks */ = {isa = PBXBuildFile; productRef = ADB63FFD2AF7F248006B39ED /* Defaults */; };
		ADB640002AF8391C006B39ED /* Defaults.swift in Sources */ = {isa = PBXBuildFile; fileRef = ADB63FFF2AF8391C006B39ED /* Defaults.swift */; };
		ADB72D5E2AC1359100299AC0 /* ChooseGameView.swift in Sources */ = {isa = PBXBuildFile; fileRef = ADB72D5D2AC1359100299AC0 /* ChooseGameView.swift */; };
		ADD4C7C82AC9CCE70052DFCB /* GameMetadata.swift in Sources */ = {isa = PBXBuildFile; fileRef = ADD4C7C72AC9CCE70052DFCB /* GameMetadata.swift */; };
		B5B66A692A3ECC1B00BD99C9 /* HiddenGamesSettingsView.swift in Sources */ = {isa = PBXBuildFile; fileRef = B5B66A682A3ECC1B00BD99C9 /* HiddenGamesSettingsView.swift */; };
		CAFACC732A426262001C45C4 /* CheckForUpdatesView.swift in Sources */ = {isa = PBXBuildFile; fileRef = CAFACC722A426262001C45C4 /* CheckForUpdatesView.swift */; };
		CAFACC762A42638E001C45C4 /* Sparkle in Frameworks */ = {isa = PBXBuildFile; productRef = CAFACC752A42638E001C45C4 /* Sparkle */; };
		CAFACC782A4263DB001C45C4 /* UpdaterViewModel.swift in Sources */ = {isa = PBXBuildFile; fileRef = CAFACC772A4263DB001C45C4 /* UpdaterViewModel.swift */; };
		CAFACC7A2A42650F001C45C4 /* Info.plist in Resources */ = {isa = PBXBuildFile; fileRef = CAFACC792A42650F001C45C4 /* Info.plist */; };
		CAFAFAA92967600700B89003 /* LogUtils.swift in Sources */ = {isa = PBXBuildFile; fileRef = CAFAFAA82967600700B89003 /* LogUtils.swift */; };
/* End PBXBuildFile section */

/* Begin PBXContainerItemProxy section */
		0AF378732953AADE00978137 /* PBXContainerItemProxy */ = {
			isa = PBXContainerItemProxy;
			containerPortal = 0AF378592953AADC00978137 /* Project object */;
			proxyType = 1;
			remoteGlobalIDString = 0AF378602953AADD00978137;
			remoteInfo = SwiftLauncher;
		};
		0AF3787D2953AADE00978137 /* PBXContainerItemProxy */ = {
			isa = PBXContainerItemProxy;
			containerPortal = 0AF378592953AADC00978137 /* Project object */;
			proxyType = 1;
			remoteGlobalIDString = 0AF378602953AADD00978137;
			remoteInfo = SwiftLauncher;
		};
/* End PBXContainerItemProxy section */

/* Begin PBXFileReference section */
		0A02F8EB295BB92400FE29F4 /* GameInputView.swift */ = {isa = PBXFileReference; lastKnownFileType = sourcecode.swift; path = GameInputView.swift; sourceTree = "<group>"; };
		0A20E1E82957C52F00B7756E /* CmdUtils.swift */ = {isa = PBXFileReference; lastKnownFileType = sourcecode.swift; path = CmdUtils.swift; sourceTree = "<group>"; };
		0A20E1EE2957E8B900B7756E /* Game.swift */ = {isa = PBXFileReference; lastKnownFileType = sourcecode.swift; path = Game.swift; sourceTree = "<group>"; };
		0A20E1F02957FD4C00B7756E /* JsonUtils.swift */ = {isa = PBXFileReference; lastKnownFileType = sourcecode.swift; path = JsonUtils.swift; sourceTree = "<group>"; };
		0A20E1F22957FEAD00B7756E /* games.json */ = {isa = PBXFileReference; lastKnownFileType = text.json; path = games.json; sourceTree = "<group>"; };
		0A87BBB0295D57C30009AF47 /* GameListView.swift */ = {isa = PBXFileReference; lastKnownFileType = sourcecode.swift; path = GameListView.swift; sourceTree = "<group>"; };
		0A87BBB4295D7B1A0009AF47 /* GameDetailView.swift */ = {isa = PBXFileReference; lastKnownFileType = sourcecode.swift; path = GameDetailView.swift; sourceTree = "<group>"; };
		0A947C992958990D00A2CE66 /* ImageUtils.swift */ = {isa = PBXFileReference; lastKnownFileType = sourcecode.swift; path = ImageUtils.swift; sourceTree = "<group>"; };
		0AE9B6F32A3AD97100800850 /* SettingsView.swift */ = {isa = PBXFileReference; lastKnownFileType = sourcecode.swift; path = SettingsView.swift; sourceTree = "<group>"; };
		0AE9B6F52A3ADA0E00800850 /* GeneralSettingsView.swift */ = {isa = PBXFileReference; lastKnownFileType = sourcecode.swift; path = GeneralSettingsView.swift; sourceTree = "<group>"; };
		0AE9B6F72A3ADAD700800850 /* AppearanceSettingsView.swift */ = {isa = PBXFileReference; lastKnownFileType = sourcecode.swift; path = AppearanceSettingsView.swift; sourceTree = "<group>"; };
		0AF378612953AADD00978137 /* Phoenix.app */ = {isa = PBXFileReference; explicitFileType = wrapper.application; includeInIndex = 0; path = Phoenix.app; sourceTree = BUILT_PRODUCTS_DIR; };
		0AF378642953AADD00978137 /* PhoenixApp.swift */ = {isa = PBXFileReference; lastKnownFileType = sourcecode.swift; path = PhoenixApp.swift; sourceTree = "<group>"; };
		0AF378662953AADD00978137 /* ContentView.swift */ = {isa = PBXFileReference; lastKnownFileType = sourcecode.swift; path = ContentView.swift; sourceTree = "<group>"; };
		0AF378682953AADE00978137 /* Assets.xcassets */ = {isa = PBXFileReference; lastKnownFileType = folder.assetcatalog; path = Assets.xcassets; sourceTree = "<group>"; };
		0AF3786B2953AADE00978137 /* Preview Assets.xcassets */ = {isa = PBXFileReference; lastKnownFileType = folder.assetcatalog; path = "Preview Assets.xcassets"; sourceTree = "<group>"; };
		0AF3786D2953AADE00978137 /* Phoenix.entitlements */ = {isa = PBXFileReference; lastKnownFileType = text.plist.entitlements; path = Phoenix.entitlements; sourceTree = "<group>"; };
		0AF378722953AADE00978137 /* PhoenixTests.xctest */ = {isa = PBXFileReference; explicitFileType = wrapper.cfbundle; includeInIndex = 0; path = PhoenixTests.xctest; sourceTree = BUILT_PRODUCTS_DIR; };
		0AF378762953AADE00978137 /* PhoenixTests.swift */ = {isa = PBXFileReference; lastKnownFileType = sourcecode.swift; path = PhoenixTests.swift; sourceTree = "<group>"; };
		0AF3787C2953AADE00978137 /* PhoenixUITests.xctest */ = {isa = PBXFileReference; explicitFileType = wrapper.cfbundle; includeInIndex = 0; path = PhoenixUITests.xctest; sourceTree = BUILT_PRODUCTS_DIR; };
		0AF378802953AADE00978137 /* PhoenixUITests.swift */ = {isa = PBXFileReference; lastKnownFileType = sourcecode.swift; path = PhoenixUITests.swift; sourceTree = "<group>"; };
		0AF378822953AADE00978137 /* PhoenixUITestsLaunchTests.swift */ = {isa = PBXFileReference; lastKnownFileType = sourcecode.swift; path = PhoenixUITestsLaunchTests.swift; sourceTree = "<group>"; };
		AD13CDE72AA542A300C6FD61 /* FetchGameData.swift */ = {isa = PBXFileReference; fileEncoding = 4; lastKnownFileType = sourcecode.swift; path = FetchGameData.swift; sourceTree = "<group>"; };
		AD5287C92AC007CC001673F5 /* TextBox.swift */ = {isa = PBXFileReference; lastKnownFileType = sourcecode.swift; path = TextBox.swift; sourceTree = "<group>"; };
		AD5287CB2AC0093E001673F5 /* ImageImportButton.swift */ = {isa = PBXFileReference; lastKnownFileType = sourcecode.swift; path = ImageImportButton.swift; sourceTree = "<group>"; };
		AD5287CD2AC00A1A001673F5 /* SlotInput.swift */ = {isa = PBXFileReference; lastKnownFileType = sourcecode.swift; path = SlotInput.swift; sourceTree = "<group>"; };
		AD5287CF2AC010AA001673F5 /* LargeTextBox.swift */ = {isa = PBXFileReference; lastKnownFileType = sourcecode.swift; path = LargeTextBox.swift; sourceTree = "<group>"; };
		AD5287D12AC016AD001673F5 /* DateUtils.swift */ = {isa = PBXFileReference; lastKnownFileType = sourcecode.swift; path = DateUtils.swift; sourceTree = "<group>"; };
		AD5287D32AC01841001673F5 /* GameUtils.swift */ = {isa = PBXFileReference; lastKnownFileType = sourcecode.swift; path = GameUtils.swift; sourceTree = "<group>"; };
		AD5287D52AC018B8001673F5 /* HelpButton.swift */ = {isa = PBXFileReference; lastKnownFileType = sourcecode.swift; path = HelpButton.swift; sourceTree = "<group>"; };
		AD53FCBB2AC7E15D00D3A301 /* LargeToggleButton.swift */ = {isa = PBXFileReference; lastKnownFileType = sourcecode.swift; path = LargeToggleButton.swift; sourceTree = "<group>"; };
		AD53FCBD2AC7E39100D3A301 /* SmallToggleButton.swift */ = {isa = PBXFileReference; lastKnownFileType = sourcecode.swift; path = SmallToggleButton.swift; sourceTree = "<group>"; };
		AD53FCC12AC7E57200D3A301 /* Cards.swift */ = {isa = PBXFileReference; lastKnownFileType = sourcecode.swift; path = Cards.swift; sourceTree = "<group>"; };
		ADB63FFF2AF8391C006B39ED /* Defaults.swift */ = {isa = PBXFileReference; fileEncoding = 4; lastKnownFileType = sourcecode.swift; path = Defaults.swift; sourceTree = "<group>"; };
		ADB72D5D2AC1359100299AC0 /* ChooseGameView.swift */ = {isa = PBXFileReference; lastKnownFileType = sourcecode.swift; path = ChooseGameView.swift; sourceTree = "<group>"; };
		ADD4C7C72AC9CCE70052DFCB /* GameMetadata.swift */ = {isa = PBXFileReference; lastKnownFileType = sourcecode.swift; path = GameMetadata.swift; sourceTree = "<group>"; };
		B5B66A682A3ECC1B00BD99C9 /* HiddenGamesSettingsView.swift */ = {isa = PBXFileReference; lastKnownFileType = sourcecode.swift; path = HiddenGamesSettingsView.swift; sourceTree = "<group>"; };
		CAFACC722A426262001C45C4 /* CheckForUpdatesView.swift */ = {isa = PBXFileReference; lastKnownFileType = sourcecode.swift; path = CheckForUpdatesView.swift; sourceTree = "<group>"; };
		CAFACC772A4263DB001C45C4 /* UpdaterViewModel.swift */ = {isa = PBXFileReference; lastKnownFileType = sourcecode.swift; path = UpdaterViewModel.swift; sourceTree = "<group>"; };
		CAFACC792A42650F001C45C4 /* Info.plist */ = {isa = PBXFileReference; lastKnownFileType = text.plist.xml; path = Info.plist; sourceTree = "<group>"; };
		CAFAFAA82967600700B89003 /* LogUtils.swift */ = {isa = PBXFileReference; lastKnownFileType = sourcecode.swift; path = LogUtils.swift; sourceTree = "<group>"; };
/* End PBXFileReference section */

/* Begin PBXFrameworksBuildPhase section */
		0AF3785E2953AADD00978137 /* Frameworks */ = {
			isa = PBXFrameworksBuildPhase;
			buildActionMask = 2147483647;
			files = (
				AD92C4F62AAEBAF40058E1EA /* Kingfisher in Frameworks */,
				AD5E91A62AAE33CB008097C4 /* AlertToast in Frameworks */,
				CAFACC762A42638E001C45C4 /* Sparkle in Frameworks */,
				AD8718FD2AFDE14D0008F144 /* MarkdownUI in Frameworks */,
				AD13CDE42AA53A3B00C6FD61 /* IGDB-SWIFT-API in Frameworks */,
				ADB63FFE2AF7F248006B39ED /* Defaults in Frameworks */,
			);
			runOnlyForDeploymentPostprocessing = 0;
		};
		0AF3786F2953AADE00978137 /* Frameworks */ = {
			isa = PBXFrameworksBuildPhase;
			buildActionMask = 2147483647;
			files = (
			);
			runOnlyForDeploymentPostprocessing = 0;
		};
		0AF378792953AADE00978137 /* Frameworks */ = {
			isa = PBXFrameworksBuildPhase;
			buildActionMask = 2147483647;
			files = (
			);
			runOnlyForDeploymentPostprocessing = 0;
		};
/* End PBXFrameworksBuildPhase section */

/* Begin PBXGroup section */
		0AF378582953AADC00978137 = {
			isa = PBXGroup;
			children = (
				0AF378632953AADD00978137 /* Phoenix */,
				0AF378622953AADD00978137 /* Products */,
				0AF378752953AADE00978137 /* SwiftLauncherTests */,
				0AF3787F2953AADE00978137 /* SwiftLauncherUITests */,
			);
			sourceTree = "<group>";
		};
		0AF378622953AADD00978137 /* Products */ = {
			isa = PBXGroup;
			children = (
				0AF378612953AADD00978137 /* Phoenix.app */,
				0AF378722953AADE00978137 /* PhoenixTests.xctest */,
				0AF3787C2953AADE00978137 /* PhoenixUITests.xctest */,
			);
			name = Products;
			sourceTree = "<group>";
		};
		0AF378632953AADD00978137 /* Phoenix */ = {
			isa = PBXGroup;
			children = (
				ADB4CF042AB535C300BDF853 /* App */,
				0AF378682953AADE00978137 /* Assets.xcassets */,
				ADB4CF072AB536FC00BDF853 /* Helpers */,
				ADB4CF052AB5361600BDF853 /* Models */,
				ADB4CF062AB536E200BDF853 /* Services */,
				CAFACC792A42650F001C45C4 /* Info.plist */,
				0AF3786D2953AADE00978137 /* Phoenix.entitlements */,
				0AF378642953AADD00978137 /* PhoenixApp.swift */,
				0AF3786A2953AADE00978137 /* Preview Content */,
				ADB4CF082AB537C100BDF853 /* Views */,
			);
			path = Phoenix;
			sourceTree = "<group>";
		};
		0AF3786A2953AADE00978137 /* Preview Content */ = {
			isa = PBXGroup;
			children = (
				0AF3786B2953AADE00978137 /* Preview Assets.xcassets */,
			);
			path = "Preview Content";
			sourceTree = "<group>";
		};
		0AF378752953AADE00978137 /* SwiftLauncherTests */ = {
			isa = PBXGroup;
			children = (
				0AF378762953AADE00978137 /* PhoenixTests.swift */,
			);
			name = SwiftLauncherTests;
			path = PhoenixTests;
			sourceTree = "<group>";
		};
		0AF3787F2953AADE00978137 /* SwiftLauncherUITests */ = {
			isa = PBXGroup;
			children = (
				0AF378802953AADE00978137 /* PhoenixUITests.swift */,
				0AF378822953AADE00978137 /* PhoenixUITestsLaunchTests.swift */,
			);
			name = SwiftLauncherUITests;
			path = PhoenixUITests;
			sourceTree = "<group>";
		};
		AD53FCBF2AC7E50A00D3A301 /* Buttons */ = {
			isa = PBXGroup;
			children = (
				AD53FCBD2AC7E39100D3A301 /* SmallToggleButton.swift */,
				AD53FCBB2AC7E15D00D3A301 /* LargeToggleButton.swift */,
				AD5287D52AC018B8001673F5 /* HelpButton.swift */,
				AD5287CB2AC0093E001673F5 /* ImageImportButton.swift */,
			);
			path = Buttons;
			sourceTree = "<group>";
		};
		AD53FCC02AC7E52100D3A301 /* TextBoxes */ = {
			isa = PBXGroup;
			children = (
				AD5287C92AC007CC001673F5 /* TextBox.swift */,
				AD5287CF2AC010AA001673F5 /* LargeTextBox.swift */,
			);
			path = TextBoxes;
			sourceTree = "<group>";
		};
		ADB4CF042AB535C300BDF853 /* App */ = {
			isa = PBXGroup;
			children = (
				0AF378662953AADD00978137 /* ContentView.swift */,
			);
			path = App;
			sourceTree = "<group>";
		};
		ADB4CF052AB5361600BDF853 /* Models */ = {
			isa = PBXGroup;
			children = (
				0A20E1F22957FEAD00B7756E /* games.json */,
				0A20E1EE2957E8B900B7756E /* Game.swift */,
				CAFACC772A4263DB001C45C4 /* UpdaterViewModel.swift */,
			);
			path = Models;
			sourceTree = "<group>";
		};
		ADB4CF062AB536E200BDF853 /* Services */ = {
			isa = PBXGroup;
			children = (
				ADB63FFF2AF8391C006B39ED /* Defaults.swift */,
				AD13CDE72AA542A300C6FD61 /* FetchGameData.swift */,
			);
			path = Services;
			sourceTree = "<group>";
		};
		ADB4CF072AB536FC00BDF853 /* Helpers */ = {
			isa = PBXGroup;
			children = (
				0A20E1E82957C52F00B7756E /* CmdUtils.swift */,
				0A947C992958990D00A2CE66 /* ImageUtils.swift */,
				0A20E1F02957FD4C00B7756E /* JsonUtils.swift */,
				CAFAFAA82967600700B89003 /* LogUtils.swift */,
				AD5287D12AC016AD001673F5 /* DateUtils.swift */,
				AD5287D32AC01841001673F5 /* GameUtils.swift */,
			);
			path = Helpers;
			sourceTree = "<group>";
		};
		ADB4CF082AB537C100BDF853 /* Views */ = {
			isa = PBXGroup;
			children = (
				0A87BBB4295D7B1A0009AF47 /* GameDetailView.swift */,
				0A02F8EB295BB92400FE29F4 /* GameInputView.swift */,
				0A87BBB0295D57C30009AF47 /* GameListView.swift */,
				ADB72D5D2AC1359100299AC0 /* ChooseGameView.swift */,
				ADB4CF092AB537CA00BDF853 /* Components */,
				ADB4CF0A2AB537DC00BDF853 /* Settings */,
				ADB4CF0B2AB5385600BDF853 /* Updates */,
			);
			path = Views;
			sourceTree = "<group>";
		};
		ADB4CF092AB537CA00BDF853 /* Components */ = {
			isa = PBXGroup;
			children = (
				ADD4C7C62AC9CCD20052DFCB /* Misc */,
				AD53FCC02AC7E52100D3A301 /* TextBoxes */,
				AD53FCBF2AC7E50A00D3A301 /* Buttons */,
				AD5287CD2AC00A1A001673F5 /* SlotInput.swift */,
				AD53FCC12AC7E57200D3A301 /* Cards.swift */,
			);
			path = Components;
			sourceTree = "<group>";
		};
		ADB4CF0A2AB537DC00BDF853 /* Settings */ = {
			isa = PBXGroup;
			children = (
				0AE9B6F32A3AD97100800850 /* SettingsView.swift */,
				0AE9B6F52A3ADA0E00800850 /* GeneralSettingsView.swift */,
				0AE9B6F72A3ADAD700800850 /* AppearanceSettingsView.swift */,
				B5B66A682A3ECC1B00BD99C9 /* HiddenGamesSettingsView.swift */,
			);
			path = Settings;
			sourceTree = "<group>";
		};
		ADB4CF0B2AB5385600BDF853 /* Updates */ = {
			isa = PBXGroup;
			children = (
				CAFACC722A426262001C45C4 /* CheckForUpdatesView.swift */,
			);
			path = Updates;
			sourceTree = "<group>";
		};
		ADD4C7C62AC9CCD20052DFCB /* Misc */ = {
			isa = PBXGroup;
			children = (
				ADD4C7C72AC9CCE70052DFCB /* GameMetadata.swift */,
			);
			path = Misc;
			sourceTree = "<group>";
		};
/* End PBXGroup section */

/* Begin PBXNativeTarget section */
		0AF378602953AADD00978137 /* Phoenix */ = {
			isa = PBXNativeTarget;
			buildConfigurationList = 0AF378862953AADE00978137 /* Build configuration list for PBXNativeTarget "Phoenix" */;
			buildPhases = (
				0AF3785D2953AADD00978137 /* Sources */,
				0AF3785E2953AADD00978137 /* Frameworks */,
				0AF3785F2953AADD00978137 /* Resources */,
			);
			buildRules = (
			);
			dependencies = (
			);
			name = Phoenix;
			packageProductDependencies = (
				CAFACC752A42638E001C45C4 /* Sparkle */,
				AD13CDE32AA53A3B00C6FD61 /* IGDB-SWIFT-API */,
				AD5E91A52AAE33CB008097C4 /* AlertToast */,
				AD92C4F52AAEBAF40058E1EA /* Kingfisher */,
				ADB63FFD2AF7F248006B39ED /* Defaults */,
				AD8718FC2AFDE14D0008F144 /* MarkdownUI */,
			);
			productName = SwiftLauncher;
			productReference = 0AF378612953AADD00978137 /* Phoenix.app */;
			productType = "com.apple.product-type.application";
		};
		0AF378712953AADE00978137 /* PhoenixTests */ = {
			isa = PBXNativeTarget;
			buildConfigurationList = 0AF378892953AADE00978137 /* Build configuration list for PBXNativeTarget "PhoenixTests" */;
			buildPhases = (
				0AF3786E2953AADE00978137 /* Sources */,
				0AF3786F2953AADE00978137 /* Frameworks */,
				0AF378702953AADE00978137 /* Resources */,
			);
			buildRules = (
			);
			dependencies = (
				0AF378742953AADE00978137 /* PBXTargetDependency */,
			);
			name = PhoenixTests;
			productName = SwiftLauncherTests;
			productReference = 0AF378722953AADE00978137 /* PhoenixTests.xctest */;
			productType = "com.apple.product-type.bundle.unit-test";
		};
		0AF3787B2953AADE00978137 /* PhoenixUITests */ = {
			isa = PBXNativeTarget;
			buildConfigurationList = 0AF3788C2953AADE00978137 /* Build configuration list for PBXNativeTarget "PhoenixUITests" */;
			buildPhases = (
				0AF378782953AADE00978137 /* Sources */,
				0AF378792953AADE00978137 /* Frameworks */,
				0AF3787A2953AADE00978137 /* Resources */,
			);
			buildRules = (
			);
			dependencies = (
				0AF3787E2953AADE00978137 /* PBXTargetDependency */,
			);
			name = PhoenixUITests;
			productName = SwiftLauncherUITests;
			productReference = 0AF3787C2953AADE00978137 /* PhoenixUITests.xctest */;
			productType = "com.apple.product-type.bundle.ui-testing";
		};
/* End PBXNativeTarget section */

/* Begin PBXProject section */
		0AF378592953AADC00978137 /* Project object */ = {
			isa = PBXProject;
			attributes = {
				BuildIndependentTargetsInParallel = 1;
				LastSwiftUpdateCheck = 1420;
				LastUpgradeCheck = 1500;
				TargetAttributes = {
					0AF378602953AADD00978137 = {
						CreatedOnToolsVersion = 14.2;
					};
					0AF378712953AADE00978137 = {
						CreatedOnToolsVersion = 14.2;
						TestTargetID = 0AF378602953AADD00978137;
					};
					0AF3787B2953AADE00978137 = {
						CreatedOnToolsVersion = 14.2;
						TestTargetID = 0AF378602953AADD00978137;
					};
				};
			};
			buildConfigurationList = 0AF3785C2953AADC00978137 /* Build configuration list for PBXProject "Phoenix" */;
			compatibilityVersion = "Xcode 14.0";
			developmentRegion = en;
			hasScannedForEncodings = 0;
			knownRegions = (
				en,
				Base,
			);
			mainGroup = 0AF378582953AADC00978137;
			packageReferences = (
				CAFACC742A42638E001C45C4 /* XCRemoteSwiftPackageReference "Sparkle" */,
				AD13CDE22AA53A3B00C6FD61 /* XCRemoteSwiftPackageReference "IGDB-SWIFT-API" */,
				AD5E91A42AAE33CB008097C4 /* XCRemoteSwiftPackageReference "AlertToast" */,
				AD92C4F42AAEBAF40058E1EA /* XCRemoteSwiftPackageReference "Kingfisher" */,
				ADB63FFC2AF7F247006B39ED /* XCRemoteSwiftPackageReference "Defaults" */,
				AD8718FB2AFDE14D0008F144 /* XCRemoteSwiftPackageReference "swift-markdown-ui" */,
			);
			productRefGroup = 0AF378622953AADD00978137 /* Products */;
			projectDirPath = "";
			projectRoot = "";
			targets = (
				0AF378602953AADD00978137 /* Phoenix */,
				0AF378712953AADE00978137 /* PhoenixTests */,
				0AF3787B2953AADE00978137 /* PhoenixUITests */,
			);
		};
/* End PBXProject section */

/* Begin PBXResourcesBuildPhase section */
		0AF3785F2953AADD00978137 /* Resources */ = {
			isa = PBXResourcesBuildPhase;
			buildActionMask = 2147483647;
			files = (
				CAFACC7A2A42650F001C45C4 /* Info.plist in Resources */,
				0AF3786C2953AADE00978137 /* Preview Assets.xcassets in Resources */,
				0A20E1F32957FEAD00B7756E /* games.json in Resources */,
				0AF378692953AADE00978137 /* Assets.xcassets in Resources */,
			);
			runOnlyForDeploymentPostprocessing = 0;
		};
		0AF378702953AADE00978137 /* Resources */ = {
			isa = PBXResourcesBuildPhase;
			buildActionMask = 2147483647;
			files = (
			);
			runOnlyForDeploymentPostprocessing = 0;
		};
		0AF3787A2953AADE00978137 /* Resources */ = {
			isa = PBXResourcesBuildPhase;
			buildActionMask = 2147483647;
			files = (
			);
			runOnlyForDeploymentPostprocessing = 0;
		};
/* End PBXResourcesBuildPhase section */

/* Begin PBXSourcesBuildPhase section */
		0AF3785D2953AADD00978137 /* Sources */ = {
			isa = PBXSourcesBuildPhase;
			buildActionMask = 2147483647;
			files = (
				AD5287D02AC010AA001673F5 /* LargeTextBox.swift in Sources */,
				AD13CDE82AA542A300C6FD61 /* FetchGameData.swift in Sources */,
				AD5287CE2AC00A1A001673F5 /* SlotInput.swift in Sources */,
				AD5287D22AC016AD001673F5 /* DateUtils.swift in Sources */,
				0AE9B6F62A3ADA0E00800850 /* GeneralSettingsView.swift in Sources */,
				0AF378672953AADD00978137 /* ContentView.swift in Sources */,
				CAFACC782A4263DB001C45C4 /* UpdaterViewModel.swift in Sources */,
				0A20E1E92957C52F00B7756E /* CmdUtils.swift in Sources */,
				ADD4C7C82AC9CCE70052DFCB /* GameMetadata.swift in Sources */,
				0AE9B6F82A3ADAD700800850 /* AppearanceSettingsView.swift in Sources */,
				AD53FCBE2AC7E39100D3A301 /* SmallToggleButton.swift in Sources */,
				0A02F8EC295BB92400FE29F4 /* GameInputView.swift in Sources */,
				ADB72D5E2AC1359100299AC0 /* ChooseGameView.swift in Sources */,
				0A87BBB5295D7B1A0009AF47 /* GameDetailView.swift in Sources */,
				AD5287CC2AC0093E001673F5 /* ImageImportButton.swift in Sources */,
				0A947C9A2958990D00A2CE66 /* ImageUtils.swift in Sources */,
				CAFAFAA92967600700B89003 /* LogUtils.swift in Sources */,
				CAFACC732A426262001C45C4 /* CheckForUpdatesView.swift in Sources */,
				0A20E1F12957FD4C00B7756E /* JsonUtils.swift in Sources */,
				0AF378652953AADD00978137 /* PhoenixApp.swift in Sources */,
				AD53FCC22AC7E57200D3A301 /* Cards.swift in Sources */,
				0A20E1EF2957E8B900B7756E /* Game.swift in Sources */,
				AD53FCBC2AC7E15D00D3A301 /* LargeToggleButton.swift in Sources */,
				AD5287D42AC01841001673F5 /* GameUtils.swift in Sources */,
				AD5287CA2AC007CC001673F5 /* TextBox.swift in Sources */,
				B5B66A692A3ECC1B00BD99C9 /* HiddenGamesSettingsView.swift in Sources */,
				AD5287D62AC018B8001673F5 /* HelpButton.swift in Sources */,
				ADB640002AF8391C006B39ED /* Defaults.swift in Sources */,
				0AE9B6F42A3AD97100800850 /* SettingsView.swift in Sources */,
				0A87BBB1295D57C30009AF47 /* GameListView.swift in Sources */,
			);
			runOnlyForDeploymentPostprocessing = 0;
		};
		0AF3786E2953AADE00978137 /* Sources */ = {
			isa = PBXSourcesBuildPhase;
			buildActionMask = 2147483647;
			files = (
				0AF378772953AADE00978137 /* PhoenixTests.swift in Sources */,
			);
			runOnlyForDeploymentPostprocessing = 0;
		};
		0AF378782953AADE00978137 /* Sources */ = {
			isa = PBXSourcesBuildPhase;
			buildActionMask = 2147483647;
			files = (
				0AF378832953AADE00978137 /* PhoenixUITestsLaunchTests.swift in Sources */,
				0AF378812953AADE00978137 /* PhoenixUITests.swift in Sources */,
			);
			runOnlyForDeploymentPostprocessing = 0;
		};
/* End PBXSourcesBuildPhase section */

/* Begin PBXTargetDependency section */
		0AF378742953AADE00978137 /* PBXTargetDependency */ = {
			isa = PBXTargetDependency;
			target = 0AF378602953AADD00978137 /* Phoenix */;
			targetProxy = 0AF378732953AADE00978137 /* PBXContainerItemProxy */;
		};
		0AF3787E2953AADE00978137 /* PBXTargetDependency */ = {
			isa = PBXTargetDependency;
			target = 0AF378602953AADD00978137 /* Phoenix */;
			targetProxy = 0AF3787D2953AADE00978137 /* PBXContainerItemProxy */;
		};
/* End PBXTargetDependency section */

/* Begin XCBuildConfiguration section */
		0AF378842953AADE00978137 /* Debug */ = {
			isa = XCBuildConfiguration;
			buildSettings = {
				ALWAYS_SEARCH_USER_PATHS = NO;
				CLANG_ANALYZER_NONNULL = YES;
				CLANG_ANALYZER_NUMBER_OBJECT_CONVERSION = YES_AGGRESSIVE;
				CLANG_CXX_LANGUAGE_STANDARD = "gnu++20";
				CLANG_ENABLE_MODULES = YES;
				CLANG_ENABLE_OBJC_ARC = YES;
				CLANG_ENABLE_OBJC_WEAK = YES;
				CLANG_WARN_BLOCK_CAPTURE_AUTORELEASING = YES;
				CLANG_WARN_BOOL_CONVERSION = YES;
				CLANG_WARN_COMMA = YES;
				CLANG_WARN_CONSTANT_CONVERSION = YES;
				CLANG_WARN_DEPRECATED_OBJC_IMPLEMENTATIONS = YES;
				CLANG_WARN_DIRECT_OBJC_ISA_USAGE = YES_ERROR;
				CLANG_WARN_DOCUMENTATION_COMMENTS = YES;
				CLANG_WARN_EMPTY_BODY = YES;
				CLANG_WARN_ENUM_CONVERSION = YES;
				CLANG_WARN_INFINITE_RECURSION = YES;
				CLANG_WARN_INT_CONVERSION = YES;
				CLANG_WARN_NON_LITERAL_NULL_CONVERSION = YES;
				CLANG_WARN_OBJC_IMPLICIT_RETAIN_SELF = YES;
				CLANG_WARN_OBJC_LITERAL_CONVERSION = YES;
				CLANG_WARN_OBJC_ROOT_CLASS = YES_ERROR;
				CLANG_WARN_QUOTED_INCLUDE_IN_FRAMEWORK_HEADER = YES;
				CLANG_WARN_RANGE_LOOP_ANALYSIS = YES;
				CLANG_WARN_STRICT_PROTOTYPES = YES;
				CLANG_WARN_SUSPICIOUS_MOVE = YES;
				CLANG_WARN_UNGUARDED_AVAILABILITY = YES_AGGRESSIVE;
				CLANG_WARN_UNREACHABLE_CODE = YES;
				CLANG_WARN__DUPLICATE_METHOD_MATCH = YES;
				COPY_PHASE_STRIP = NO;
				DEAD_CODE_STRIPPING = YES;
				DEBUG_INFORMATION_FORMAT = dwarf;
				ENABLE_STRICT_OBJC_MSGSEND = YES;
				ENABLE_TESTABILITY = YES;
				ENABLE_USER_SCRIPT_SANDBOXING = YES;
				GCC_C_LANGUAGE_STANDARD = gnu11;
				GCC_DYNAMIC_NO_PIC = NO;
				GCC_NO_COMMON_BLOCKS = YES;
				GCC_OPTIMIZATION_LEVEL = 0;
				GCC_PREPROCESSOR_DEFINITIONS = (
					"DEBUG=1",
					"$(inherited)",
				);
				GCC_WARN_64_TO_32_BIT_CONVERSION = YES;
				GCC_WARN_ABOUT_RETURN_TYPE = YES_ERROR;
				GCC_WARN_UNDECLARED_SELECTOR = YES;
				GCC_WARN_UNINITIALIZED_AUTOS = YES_AGGRESSIVE;
				GCC_WARN_UNUSED_FUNCTION = YES;
				GCC_WARN_UNUSED_VARIABLE = YES;
				MACOSX_DEPLOYMENT_TARGET = 13.0;
				MTL_ENABLE_DEBUG_INFO = INCLUDE_SOURCE;
				MTL_FAST_MATH = YES;
				ONLY_ACTIVE_ARCH = YES;
				SDKROOT = macosx;
				SWIFT_ACTIVE_COMPILATION_CONDITIONS = DEBUG;
				SWIFT_OPTIMIZATION_LEVEL = "-Onone";
			};
			name = Debug;
		};
		0AF378852953AADE00978137 /* Release */ = {
			isa = XCBuildConfiguration;
			buildSettings = {
				ALWAYS_SEARCH_USER_PATHS = NO;
				CLANG_ANALYZER_NONNULL = YES;
				CLANG_ANALYZER_NUMBER_OBJECT_CONVERSION = YES_AGGRESSIVE;
				CLANG_CXX_LANGUAGE_STANDARD = "gnu++20";
				CLANG_ENABLE_MODULES = YES;
				CLANG_ENABLE_OBJC_ARC = YES;
				CLANG_ENABLE_OBJC_WEAK = YES;
				CLANG_WARN_BLOCK_CAPTURE_AUTORELEASING = YES;
				CLANG_WARN_BOOL_CONVERSION = YES;
				CLANG_WARN_COMMA = YES;
				CLANG_WARN_CONSTANT_CONVERSION = YES;
				CLANG_WARN_DEPRECATED_OBJC_IMPLEMENTATIONS = YES;
				CLANG_WARN_DIRECT_OBJC_ISA_USAGE = YES_ERROR;
				CLANG_WARN_DOCUMENTATION_COMMENTS = YES;
				CLANG_WARN_EMPTY_BODY = YES;
				CLANG_WARN_ENUM_CONVERSION = YES;
				CLANG_WARN_INFINITE_RECURSION = YES;
				CLANG_WARN_INT_CONVERSION = YES;
				CLANG_WARN_NON_LITERAL_NULL_CONVERSION = YES;
				CLANG_WARN_OBJC_IMPLICIT_RETAIN_SELF = YES;
				CLANG_WARN_OBJC_LITERAL_CONVERSION = YES;
				CLANG_WARN_OBJC_ROOT_CLASS = YES_ERROR;
				CLANG_WARN_QUOTED_INCLUDE_IN_FRAMEWORK_HEADER = YES;
				CLANG_WARN_RANGE_LOOP_ANALYSIS = YES;
				CLANG_WARN_STRICT_PROTOTYPES = YES;
				CLANG_WARN_SUSPICIOUS_MOVE = YES;
				CLANG_WARN_UNGUARDED_AVAILABILITY = YES_AGGRESSIVE;
				CLANG_WARN_UNREACHABLE_CODE = YES;
				CLANG_WARN__DUPLICATE_METHOD_MATCH = YES;
				COPY_PHASE_STRIP = NO;
				DEAD_CODE_STRIPPING = YES;
				DEBUG_INFORMATION_FORMAT = "dwarf-with-dsym";
				ENABLE_NS_ASSERTIONS = NO;
				ENABLE_STRICT_OBJC_MSGSEND = YES;
				ENABLE_USER_SCRIPT_SANDBOXING = YES;
				GCC_C_LANGUAGE_STANDARD = gnu11;
				GCC_NO_COMMON_BLOCKS = YES;
				GCC_WARN_64_TO_32_BIT_CONVERSION = YES;
				GCC_WARN_ABOUT_RETURN_TYPE = YES_ERROR;
				GCC_WARN_UNDECLARED_SELECTOR = YES;
				GCC_WARN_UNINITIALIZED_AUTOS = YES_AGGRESSIVE;
				GCC_WARN_UNUSED_FUNCTION = YES;
				GCC_WARN_UNUSED_VARIABLE = YES;
				MACOSX_DEPLOYMENT_TARGET = 13.0;
				MTL_ENABLE_DEBUG_INFO = NO;
				MTL_FAST_MATH = YES;
				SDKROOT = macosx;
				SWIFT_COMPILATION_MODE = wholemodule;
				SWIFT_OPTIMIZATION_LEVEL = "-O";
			};
			name = Release;
		};
		0AF378872953AADE00978137 /* Debug */ = {
			isa = XCBuildConfiguration;
			buildSettings = {
				ASSETCATALOG_COMPILER_APPICON_NAME = AppIcon;
				ASSETCATALOG_COMPILER_GLOBAL_ACCENT_COLOR_NAME = AccentColor;
				CODE_SIGN_ENTITLEMENTS = Phoenix/Phoenix.entitlements;
				"CODE_SIGN_IDENTITY[sdk=macosx*]" = "Apple Development";
				CODE_SIGN_STYLE = Automatic;
				COMBINE_HIDPI_IMAGES = YES;
				CURRENT_PROJECT_VERSION = 1;
				DEAD_CODE_STRIPPING = YES;
				DEVELOPMENT_ASSET_PATHS = "\"Phoenix/Preview Content\"";
				DEVELOPMENT_TEAM = SPWQRB7M9L;
				ENABLE_HARDENED_RUNTIME = YES;
				ENABLE_PREVIEWS = YES;
				GENERATE_INFOPLIST_FILE = YES;
				INFOPLIST_FILE = Phoenix/Info.plist;
				INFOPLIST_KEY_CFBundleDisplayName = Phoenix;
				INFOPLIST_KEY_LSApplicationCategoryType = "public.app-category.games";
				INFOPLIST_KEY_NSHumanReadableCopyright = "© 2023 Phoenix. All rights reserved.";
				LD_RUNPATH_SEARCH_PATHS = (
					"$(inherited)",
					"@executable_path/../Frameworks",
				);
				MARKETING_VERSION = 0.0.6;
				PRODUCT_BUNDLE_IDENTIFIER = com.shock9616.Phoenix;
				PRODUCT_NAME = "$(TARGET_NAME)";
				SWIFT_EMIT_LOC_STRINGS = YES;
				SWIFT_VERSION = 5.0;
			};
			name = Debug;
		};
		0AF378882953AADE00978137 /* Release */ = {
			isa = XCBuildConfiguration;
			buildSettings = {
				ASSETCATALOG_COMPILER_APPICON_NAME = AppIcon;
				ASSETCATALOG_COMPILER_GLOBAL_ACCENT_COLOR_NAME = AccentColor;
				CODE_SIGN_ENTITLEMENTS = Phoenix/Phoenix.entitlements;
				"CODE_SIGN_IDENTITY[sdk=macosx*]" = "Apple Development";
				CODE_SIGN_STYLE = Automatic;
				COMBINE_HIDPI_IMAGES = YES;
				CURRENT_PROJECT_VERSION = 1;
				DEAD_CODE_STRIPPING = YES;
				DEVELOPMENT_ASSET_PATHS = "\"Phoenix/Preview Content\"";
				DEVELOPMENT_TEAM = SPWQRB7M9L;
				ENABLE_HARDENED_RUNTIME = YES;
				ENABLE_PREVIEWS = YES;
				GENERATE_INFOPLIST_FILE = YES;
				INFOPLIST_FILE = Phoenix/Info.plist;
				INFOPLIST_KEY_CFBundleDisplayName = Phoenix;
				INFOPLIST_KEY_LSApplicationCategoryType = "public.app-category.games";
				INFOPLIST_KEY_NSHumanReadableCopyright = "© 2023 Phoenix. All rights reserved.";
				LD_RUNPATH_SEARCH_PATHS = (
					"$(inherited)",
					"@executable_path/../Frameworks",
				);
				MARKETING_VERSION = 0.0.6;
				PRODUCT_BUNDLE_IDENTIFIER = com.shock9616.Phoenix;
				PRODUCT_NAME = "$(TARGET_NAME)";
				SWIFT_EMIT_LOC_STRINGS = YES;
				SWIFT_VERSION = 5.0;
			};
			name = Release;
		};
		0AF3788A2953AADE00978137 /* Debug */ = {
			isa = XCBuildConfiguration;
			buildSettings = {
				ALWAYS_EMBED_SWIFT_STANDARD_LIBRARIES = YES;
				CODE_SIGN_STYLE = Automatic;
				CURRENT_PROJECT_VERSION = 1;
				DEAD_CODE_STRIPPING = YES;
				DEVELOPMENT_TEAM = UC7RC43VZH;
				GENERATE_INFOPLIST_FILE = YES;
				MACOSX_DEPLOYMENT_TARGET = 13.1;
				MARKETING_VERSION = 1.0;
				PRODUCT_BUNDLE_IDENTIFIER = com.shock9616.SwiftLauncherTests;
				PRODUCT_NAME = "$(TARGET_NAME)";
				SWIFT_EMIT_LOC_STRINGS = NO;
				SWIFT_VERSION = 5.0;
				TEST_HOST = "$(BUILT_PRODUCTS_DIR)/Phoenix.app/$(BUNDLE_EXECUTABLE_FOLDER_PATH)/Phoenix";
			};
			name = Debug;
		};
		0AF3788B2953AADE00978137 /* Release */ = {
			isa = XCBuildConfiguration;
			buildSettings = {
				ALWAYS_EMBED_SWIFT_STANDARD_LIBRARIES = YES;
				CODE_SIGN_STYLE = Automatic;
				CURRENT_PROJECT_VERSION = 1;
				DEAD_CODE_STRIPPING = YES;
				DEVELOPMENT_TEAM = UC7RC43VZH;
				GENERATE_INFOPLIST_FILE = YES;
				MACOSX_DEPLOYMENT_TARGET = 13.1;
				MARKETING_VERSION = 1.0;
				PRODUCT_BUNDLE_IDENTIFIER = com.shock9616.SwiftLauncherTests;
				PRODUCT_NAME = "$(TARGET_NAME)";
				SWIFT_EMIT_LOC_STRINGS = NO;
				SWIFT_VERSION = 5.0;
				TEST_HOST = "$(BUILT_PRODUCTS_DIR)/Phoenix.app/$(BUNDLE_EXECUTABLE_FOLDER_PATH)/Phoenix";
			};
			name = Release;
		};
		0AF3788D2953AADE00978137 /* Debug */ = {
			isa = XCBuildConfiguration;
			buildSettings = {
				ALWAYS_EMBED_SWIFT_STANDARD_LIBRARIES = YES;
				CODE_SIGN_STYLE = Automatic;
				CURRENT_PROJECT_VERSION = 1;
				DEAD_CODE_STRIPPING = YES;
				DEVELOPMENT_TEAM = UC7RC43VZH;
				GENERATE_INFOPLIST_FILE = YES;
				MARKETING_VERSION = 1.0;
				PRODUCT_BUNDLE_IDENTIFIER = com.shock9616.SwiftLauncherUITests;
				PRODUCT_NAME = "$(TARGET_NAME)";
				PROVISIONING_PROFILE = "";
				SWIFT_EMIT_LOC_STRINGS = NO;
				SWIFT_VERSION = 5.0;
				TEST_TARGET_NAME = Phoenix;
			};
			name = Debug;
		};
		0AF3788E2953AADE00978137 /* Release */ = {
			isa = XCBuildConfiguration;
			buildSettings = {
				ALWAYS_EMBED_SWIFT_STANDARD_LIBRARIES = YES;
				CODE_SIGN_STYLE = Automatic;
				CURRENT_PROJECT_VERSION = 1;
				DEAD_CODE_STRIPPING = YES;
				DEVELOPMENT_TEAM = 6L9QQBQLVU;
				GENERATE_INFOPLIST_FILE = YES;
				MARKETING_VERSION = 1.0;
				PRODUCT_BUNDLE_IDENTIFIER = com.shock9616.SwiftLauncherUITests;
				PRODUCT_NAME = "$(TARGET_NAME)";
				PROVISIONING_PROFILE = "";
				SWIFT_EMIT_LOC_STRINGS = NO;
				SWIFT_VERSION = 5.0;
				TEST_TARGET_NAME = Phoenix;
			};
			name = Release;
		};
/* End XCBuildConfiguration section */

/* Begin XCConfigurationList section */
		0AF3785C2953AADC00978137 /* Build configuration list for PBXProject "Phoenix" */ = {
			isa = XCConfigurationList;
			buildConfigurations = (
				0AF378842953AADE00978137 /* Debug */,
				0AF378852953AADE00978137 /* Release */,
			);
			defaultConfigurationIsVisible = 0;
			defaultConfigurationName = Release;
		};
		0AF378862953AADE00978137 /* Build configuration list for PBXNativeTarget "Phoenix" */ = {
			isa = XCConfigurationList;
			buildConfigurations = (
				0AF378872953AADE00978137 /* Debug */,
				0AF378882953AADE00978137 /* Release */,
			);
			defaultConfigurationIsVisible = 0;
			defaultConfigurationName = Release;
		};
		0AF378892953AADE00978137 /* Build configuration list for PBXNativeTarget "PhoenixTests" */ = {
			isa = XCConfigurationList;
			buildConfigurations = (
				0AF3788A2953AADE00978137 /* Debug */,
				0AF3788B2953AADE00978137 /* Release */,
			);
			defaultConfigurationIsVisible = 0;
			defaultConfigurationName = Release;
		};
		0AF3788C2953AADE00978137 /* Build configuration list for PBXNativeTarget "PhoenixUITests" */ = {
			isa = XCConfigurationList;
			buildConfigurations = (
				0AF3788D2953AADE00978137 /* Debug */,
				0AF3788E2953AADE00978137 /* Release */,
			);
			defaultConfigurationIsVisible = 0;
			defaultConfigurationName = Release;
		};
/* End XCConfigurationList section */

/* Begin XCRemoteSwiftPackageReference section */
		AD13CDE22AA53A3B00C6FD61 /* XCRemoteSwiftPackageReference "IGDB-SWIFT-API" */ = {
			isa = XCRemoteSwiftPackageReference;
			repositoryURL = "https://github.com/husnjak/IGDB-SWIFT-API";
			requirement = {
				branch = main;
				kind = branch;
			};
		};
		AD5E91A42AAE33CB008097C4 /* XCRemoteSwiftPackageReference "AlertToast" */ = {
			isa = XCRemoteSwiftPackageReference;
			repositoryURL = "https://github.com/elai950/AlertToast.git";
			requirement = {
				kind = upToNextMajorVersion;
				minimumVersion = 1.3.9;
			};
		};
		AD8718FB2AFDE14D0008F144 /* XCRemoteSwiftPackageReference "swift-markdown-ui" */ = {
			isa = XCRemoteSwiftPackageReference;
			repositoryURL = "https://github.com/gonzalezreal/swift-markdown-ui.git";
			requirement = {
				kind = upToNextMajorVersion;
				minimumVersion = 2.2.0;
			};
		};
		AD92C4F42AAEBAF40058E1EA /* XCRemoteSwiftPackageReference "Kingfisher" */ = {
			isa = XCRemoteSwiftPackageReference;
			repositoryURL = "https://github.com/onevcat/Kingfisher.git";
			requirement = {
				kind = upToNextMajorVersion;
				minimumVersion = 7.9.1;
			};
		};
		ADB63FFC2AF7F247006B39ED /* XCRemoteSwiftPackageReference "Defaults" */ = {
			isa = XCRemoteSwiftPackageReference;
			repositoryURL = "https://github.com/sindresorhus/Defaults";
			requirement = {
				branch = main;
				kind = branch;
			};
		};
		CAFACC742A42638E001C45C4 /* XCRemoteSwiftPackageReference "Sparkle" */ = {
			isa = XCRemoteSwiftPackageReference;
			repositoryURL = "https://github.com/sparkle-project/Sparkle";
			requirement = {
				kind = upToNextMajorVersion;
				minimumVersion = 2.4.2;
			};
		};
/* End XCRemoteSwiftPackageReference section */

/* Begin XCSwiftPackageProductDependency section */
		AD13CDE32AA53A3B00C6FD61 /* IGDB-SWIFT-API */ = {
			isa = XCSwiftPackageProductDependency;
			package = AD13CDE22AA53A3B00C6FD61 /* XCRemoteSwiftPackageReference "IGDB-SWIFT-API" */;
			productName = "IGDB-SWIFT-API";
		};
		AD5E91A52AAE33CB008097C4 /* AlertToast */ = {
			isa = XCSwiftPackageProductDependency;
			package = AD5E91A42AAE33CB008097C4 /* XCRemoteSwiftPackageReference "AlertToast" */;
			productName = AlertToast;
		};
		AD8718FC2AFDE14D0008F144 /* MarkdownUI */ = {
			isa = XCSwiftPackageProductDependency;
			package = AD8718FB2AFDE14D0008F144 /* XCRemoteSwiftPackageReference "swift-markdown-ui" */;
			productName = MarkdownUI;
		};
		AD92C4F52AAEBAF40058E1EA /* Kingfisher */ = {
			isa = XCSwiftPackageProductDependency;
			package = AD92C4F42AAEBAF40058E1EA /* XCRemoteSwiftPackageReference "Kingfisher" */;
			productName = Kingfisher;
		};
		ADB63FFD2AF7F248006B39ED /* Defaults */ = {
			isa = XCSwiftPackageProductDependency;
			package = ADB63FFC2AF7F247006B39ED /* XCRemoteSwiftPackageReference "Defaults" */;
			productName = Defaults;
		};
		CAFACC752A42638E001C45C4 /* Sparkle */ = {
			isa = XCSwiftPackageProductDependency;
			package = CAFACC742A42638E001C45C4 /* XCRemoteSwiftPackageReference "Sparkle" */;
			productName = Sparkle;
		};
/* End XCSwiftPackageProductDependency section */
	};
	rootObject = 0AF378592953AADC00978137 /* Project object */;
}
